// !$*UTF8*$!
{
	archiveVersion = 1;
	classes = {
	};
	objectVersion = 56;
	objects = {

/* Begin PBXBuildFile section */
		000000000000000000000010 /* MeetingAssistant/App/MeetingAssistantApp.swift in Sources */ = {isa = PBXBuildFile; fileRef = 000000000000000000000001 /* MeetingAssistant/App/MeetingAssistantApp.swift */; };
		000000000000000000000011 /* MeetingAssistant/App/MenuBarView.swift in Sources */ = {isa = PBXBuildFile; fileRef = 000000000000000000000002 /* MeetingAssistant/App/MenuBarView.swift */; };
		000000000000000000000012 /* MeetingAssistant/Settings/SettingsView.swift in Sources */ = {isa = PBXBuildFile; fileRef = 000000000000000000000003 /* MeetingAssistant/Settings/SettingsView.swift */; };
		000000000000000000000013 /* MeetingAssistant/Settings/SettingsStore.swift in Sources */ = {isa = PBXBuildFile; fileRef = 000000000000000000000004 /* MeetingAssistant/Settings/SettingsStore.swift */; };
		000000000000000000000014 /* MeetingAssistant/Settings/WatchedApplication.swift in Sources */ = {isa = PBXBuildFile; fileRef = 000000000000000000000005 /* MeetingAssistant/Settings/WatchedApplication.swift */; };
		000000000000000000000015 /* MeetingAssistant/Notification/NotificationManager.swift in Sources */ = {isa = PBXBuildFile; fileRef = 000000000000000000000006 /* MeetingAssistant/Notification/NotificationManager.swift */; };
		00000000000000000000001C /* MeetingAssistant/Settings/SettingsStore.swift in Sources */ = {isa = PBXBuildFile; fileRef = 000000000000000000000004 /* MeetingAssistant/Settings/SettingsStore.swift */; };
		00000000000000000000001D /* MeetingAssistant/Settings/WatchedApplication.swift in Sources */ = {isa = PBXBuildFile; fileRef = 000000000000000000000005 /* MeetingAssistant/Settings/WatchedApplication.swift */; };
		00000000000000000000001E /* Tests/SettingsStoreTests.swift in Sources */ = {isa = PBXBuildFile; fileRef = 000000000000000000000007 /* Tests/SettingsStoreTests.swift */; };
		00000000000000000000002A /* MeetingAssistant/Detection/AppDetector.swift in Sources */ = {isa = PBXBuildFile; fileRef = 000000000000000000000026 /* MeetingAssistant/Detection/AppDetector.swift */; };
		00000000000000000000002B /* MeetingAssistant/Detection/MicrophoneDetector.swift in Sources */ = {isa = PBXBuildFile; fileRef = 000000000000000000000027 /* MeetingAssistant/Detection/MicrophoneDetector.swift */; };
		00000000000000000000002C /* MeetingAssistant/Detection/DetectionCoordinator.swift in Sources */ = {isa = PBXBuildFile; fileRef = 000000000000000000000028 /* MeetingAssistant/Detection/DetectionCoordinator.swift */; };
		00000000000000000000002D /* Tests/DetectionCoordinatorTests.swift in Sources */ = {isa = PBXBuildFile; fileRef = 000000000000000000000029 /* Tests/DetectionCoordinatorTests.swift */; };
		00000000000000000000002E /* MeetingAssistant/Notification/NotificationManager.swift in Sources */ = {isa = PBXBuildFile; fileRef = 000000000000000000000006 /* MeetingAssistant/Notification/NotificationManager.swift */; };
		000000000000000000000030 /* MeetingAssistant/Resources/AppIcon.icns in Resources */ = {isa = PBXBuildFile; fileRef = 00000000000000000000002F /* MeetingAssistant/Resources/AppIcon.icns */; };
		000000000000000000000034 /* MeetingAssistant/Recording/Recorder.swift in Sources */ = {isa = PBXBuildFile; fileRef = 000000000000000000000032 /* MeetingAssistant/Recording/Recorder.swift */; };
		0000000000000000000000A3 /* MeetingAssistant/Integration/MeetingSummaryRunner.swift in Sources */ = {isa = PBXBuildFile; fileRef = 0000000000000000000000A2 /* MeetingAssistant/Integration/MeetingSummaryRunner.swift */; };
		0000000000000000000000A4 /* MeetingAssistant/Integration/MeetingSummaryRunner.swift in Sources */ = {isa = PBXBuildFile; fileRef = 0000000000000000000000A2 /* MeetingAssistant/Integration/MeetingSummaryRunner.swift */; };
		000000000000000000000035 /* MeetingAssistant/Recording/Recorder.swift in Sources */ = {isa = PBXBuildFile; fileRef = 000000000000000000000032 /* MeetingAssistant/Recording/Recorder.swift */; };
		0000000000000000000000A1 /* MeetingAssistant/Resources/Assets.xcassets in Resources */ = {isa = PBXBuildFile; fileRef = 0000000000000000000000A0 /* MeetingAssistant/Resources/Assets.xcassets */; };
		153EB8DB30658DB90058212C /* MeetingAssistant/Detection/AppDetector.swift in Sources */ = {isa = PBXBuildFile; fileRef = 000000000000000000000026 /* MeetingAssistant/Detection/AppDetector.swift */; };
		153EB8DC30658DB90058212C /* MeetingAssistant/Detection/MicrophoneDetector.swift in Sources */ = {isa = PBXBuildFile; fileRef = 000000000000000000000027 /* MeetingAssistant/Detection/MicrophoneDetector.swift */; };
		153EB8DD30658DB90058212C /* MeetingAssistant/Detection/DetectionCoordinator.swift in Sources */ = {isa = PBXBuildFile; fileRef = 000000000000000000000028 /* MeetingAssistant/Detection/DetectionCoordinator.swift */; };
		0000000000000000000000B1 /* MeetingAssistant/Transcription/Transcriber.swift in Sources */ = {isa = PBXBuildFile; fileRef = 0000000000000000000000B0 /* MeetingAssistant/Transcription/Transcriber.swift */; };
		0000000000000000000000B4 /* WhisperKit in Frameworks */ = {isa = PBXBuildFile; productRef = 0000000000000000000000B3 /* WhisperKit */; };
		0000000000000000000000B6 /* MeetingAssistant/Integration/ClaudeSummarizer.swift in Sources */ = {isa = PBXBuildFile; fileRef = 0000000000000000000000B5 /* MeetingAssistant/Integration/ClaudeSummarizer.swift */; };
		0000000000000000000000B7 /* MeetingAssistant/Transcription/Transcriber.swift in Sources */ = {isa = PBXBuildFile; fileRef = 0000000000000000000000B0 /* MeetingAssistant/Transcription/Transcriber.swift */; };
		0000000000000000000000B8 /* MeetingAssistant/Integration/ClaudeSummarizer.swift in Sources */ = {isa = PBXBuildFile; fileRef = 0000000000000000000000B5 /* MeetingAssistant/Integration/ClaudeSummarizer.swift */; };
		0000000000000000000000B9 /* WhisperKit in Frameworks */ = {isa = PBXBuildFile; productRef = 0000000000000000000000BA /* WhisperKit */; };
		0000000000000000000000C1 /* MeetingAssistant/Integration/NotionUploader.swift in Sources */ = {isa = PBXBuildFile; fileRef = 0000000000000000000000C0 /* MeetingAssistant/Integration/NotionUploader.swift */; };
		0000000000000000000000C2 /* MeetingAssistant/Integration/NotionUploader.swift in Sources */ = {isa = PBXBuildFile; fileRef = 0000000000000000000000C0 /* MeetingAssistant/Integration/NotionUploader.swift */; };
		0000000000000000000000C4 /* Tests/NotionUploaderTests.swift in Sources */ = {isa = PBXBuildFile; fileRef = 0000000000000000000000C3 /* Tests/NotionUploaderTests.swift */; };
		0000000000000000000000D1 /* MeetingAssistant/Settings/Keychain.swift in Sources */ = {isa = PBXBuildFile; fileRef = 0000000000000000000000D0 /* MeetingAssistant/Settings/Keychain.swift */; };
		0000000000000000000000D2 /* MeetingAssistant/Settings/Keychain.swift in Sources */ = {isa = PBXBuildFile; fileRef = 0000000000000000000000D0 /* MeetingAssistant/Settings/Keychain.swift */; };
/* End PBXBuildFile section */

/* Begin PBXFileReference section */
		000000000000000000000001 /* MeetingAssistant/App/MeetingAssistantApp.swift */ = {isa = PBXFileReference; lastKnownFileType = sourcecode.swift; path = MeetingAssistant/App/MeetingAssistantApp.swift; sourceTree = "<group>"; };
		000000000000000000000002 /* MeetingAssistant/App/MenuBarView.swift */ = {isa = PBXFileReference; lastKnownFileType = sourcecode.swift; path = MeetingAssistant/App/MenuBarView.swift; sourceTree = "<group>"; };
		000000000000000000000003 /* MeetingAssistant/Settings/SettingsView.swift */ = {isa = PBXFileReference; lastKnownFileType = sourcecode.swift; path = MeetingAssistant/Settings/SettingsView.swift; sourceTree = "<group>"; };
		000000000000000000000004 /* MeetingAssistant/Settings/SettingsStore.swift */ = {isa = PBXFileReference; lastKnownFileType = sourcecode.swift; path = MeetingAssistant/Settings/SettingsStore.swift; sourceTree = "<group>"; };
		000000000000000000000005 /* MeetingAssistant/Settings/WatchedApplication.swift */ = {isa = PBXFileReference; lastKnownFileType = sourcecode.swift; path = MeetingAssistant/Settings/WatchedApplication.swift; sourceTree = "<group>"; };
		000000000000000000000006 /* MeetingAssistant/Notification/NotificationManager.swift */ = {isa = PBXFileReference; lastKnownFileType = sourcecode.swift; path = MeetingAssistant/Notification/NotificationManager.swift; sourceTree = "<group>"; };
		000000000000000000000007 /* Tests/SettingsStoreTests.swift */ = {isa = PBXFileReference; lastKnownFileType = sourcecode.swift; path = Tests/SettingsStoreTests.swift; sourceTree = "<group>"; };
		000000000000000000000008 /* MeetingAssistant/Info.plist */ = {isa = PBXFileReference; lastKnownFileType = text.plist.xml; path = MeetingAssistant/Info.plist; sourceTree = "<group>"; };
		000000000000000000000009 /* MeetingAssistant.app */ = {isa = PBXFileReference; explicitFileType = wrapper.application; path = MeetingAssistant.app; sourceTree = BUILT_PRODUCTS_DIR; };
		00000000000000000000000A /* MeetingAssistantTests.xctest */ = {isa = PBXFileReference; explicitFileType = wrapper.cfbundle; path = MeetingAssistantTests.xctest; sourceTree = BUILT_PRODUCTS_DIR; };
		000000000000000000000026 /* MeetingAssistant/Detection/AppDetector.swift */ = {isa = PBXFileReference; lastKnownFileType = sourcecode.swift; path = MeetingAssistant/Detection/AppDetector.swift; sourceTree = "<group>"; };
		000000000000000000000027 /* MeetingAssistant/Detection/MicrophoneDetector.swift */ = {isa = PBXFileReference; lastKnownFileType = sourcecode.swift; path = MeetingAssistant/Detection/MicrophoneDetector.swift; sourceTree = "<group>"; };
		000000000000000000000028 /* MeetingAssistant/Detection/DetectionCoordinator.swift */ = {isa = PBXFileReference; lastKnownFileType = sourcecode.swift; path = MeetingAssistant/Detection/DetectionCoordinator.swift; sourceTree = "<group>"; };
		000000000000000000000029 /* Tests/DetectionCoordinatorTests.swift */ = {isa = PBXFileReference; lastKnownFileType = sourcecode.swift; path = Tests/DetectionCoordinatorTests.swift; sourceTree = "<group>"; };
		00000000000000000000002F /* MeetingAssistant/Resources/AppIcon.icns */ = {isa = PBXFileReference; lastKnownFileType = image.icns; path = MeetingAssistant/Resources/AppIcon.icns; sourceTree = "<group>"; };
		000000000000000000000032 /* MeetingAssistant/Recording/Recorder.swift */ = {isa = PBXFileReference; lastKnownFileType = sourcecode.swift; path = MeetingAssistant/Recording/Recorder.swift; sourceTree = "<group>"; };
		0000000000000000000000A2 /* MeetingAssistant/Integration/MeetingSummaryRunner.swift */ = {isa = PBXFileReference; lastKnownFileType = sourcecode.swift; path = MeetingAssistant/Integration/MeetingSummaryRunner.swift; sourceTree = "<group>"; };
		000000000000000000000033 /* MeetingAssistant/MeetingAssistant.entitlements */ = {isa = PBXFileReference; lastKnownFileType = text.plist.xml; path = MeetingAssistant/MeetingAssistant.entitlements; sourceTree = "<group>"; };
		0000000000000000000000A0 /* MeetingAssistant/Resources/Assets.xcassets */ = {isa = PBXFileReference; lastKnownFileType = folder.assetcatalog; path = MeetingAssistant/Resources/Assets.xcassets; sourceTree = "<group>"; };
		0000000000000000000000B0 /* MeetingAssistant/Transcription/Transcriber.swift */ = {isa = PBXFileReference; lastKnownFileType = sourcecode.swift; path = MeetingAssistant/Transcription/Transcriber.swift; sourceTree = "<group>"; };
		0000000000000000000000B5 /* MeetingAssistant/Integration/ClaudeSummarizer.swift */ = {isa = PBXFileReference; lastKnownFileType = sourcecode.swift; path = MeetingAssistant/Integration/ClaudeSummarizer.swift; sourceTree = "<group>"; };
		0000000000000000000000C0 /* MeetingAssistant/Integration/NotionUploader.swift */ = {isa = PBXFileReference; lastKnownFileType = sourcecode.swift; path = MeetingAssistant/Integration/NotionUploader.swift; sourceTree = "<group>"; };
		0000000000000000000000C3 /* Tests/NotionUploaderTests.swift */ = {isa = PBXFileReference; lastKnownFileType = sourcecode.swift; path = Tests/NotionUploaderTests.swift; sourceTree = "<group>"; };
		0000000000000000000000D0 /* MeetingAssistant/Settings/Keychain.swift */ = {isa = PBXFileReference; lastKnownFileType = sourcecode.swift; path = MeetingAssistant/Settings/Keychain.swift; sourceTree = "<group>"; };
/* End PBXFileReference section */

/* Begin PBXFrameworksBuildPhase section */
		000000000000000000000017 /* Frameworks */ = {
			isa = PBXFrameworksBuildPhase;
			buildActionMask = 2147483647;
			files = (
				0000000000000000000000B4 /* WhisperKit in Frameworks */,
			);
			runOnlyForDeploymentPostprocessing = 0;
		};
		000000000000000000000020 /* Frameworks */ = {
			isa = PBXFrameworksBuildPhase;
			buildActionMask = 2147483647;
			files = (
				0000000000000000000000B9 /* WhisperKit in Frameworks */,
			);
			runOnlyForDeploymentPostprocessing = 0;
		};
/* End PBXFrameworksBuildPhase section */

/* Begin PBXGroup section */
		00000000000000000000000B /* Products */ = {
			isa = PBXGroup;
			children = (
				000000000000000000000009 /* MeetingAssistant.app */,
				00000000000000000000000A /* MeetingAssistantTests.xctest */,
			);
			name = Products;
			sourceTree = "<group>";
		};
		00000000000000000000000C = {
			isa = PBXGroup;
			children = (
				000000000000000000000001 /* MeetingAssistant/App/MeetingAssistantApp.swift */,
				000000000000000000000002 /* MeetingAssistant/App/MenuBarView.swift */,
				000000000000000000000003 /* MeetingAssistant/Settings/SettingsView.swift */,
				000000000000000000000004 /* MeetingAssistant/Settings/SettingsStore.swift */,
				000000000000000000000005 /* MeetingAssistant/Settings/WatchedApplication.swift */,
				000000000000000000000006 /* MeetingAssistant/Notification/NotificationManager.swift */,
				000000000000000000000007 /* Tests/SettingsStoreTests.swift */,
				0000000000000000000000C3 /* Tests/NotionUploaderTests.swift */,
				000000000000000000000008 /* MeetingAssistant/Info.plist */,
				000000000000000000000026 /* MeetingAssistant/Detection/AppDetector.swift */,
				000000000000000000000027 /* MeetingAssistant/Detection/MicrophoneDetector.swift */,
				000000000000000000000028 /* MeetingAssistant/Detection/DetectionCoordinator.swift */,
				000000000000000000000029 /* Tests/DetectionCoordinatorTests.swift */,
				00000000000000000000002F /* MeetingAssistant/Resources/AppIcon.icns */,
				0000000000000000000000A0 /* MeetingAssistant/Resources/Assets.xcassets */,
				000000000000000000000032 /* MeetingAssistant/Recording/Recorder.swift */,
				0000000000000000000000A2 /* MeetingAssistant/Integration/MeetingSummaryRunner.swift */,
				0000000000000000000000B0 /* MeetingAssistant/Transcription/Transcriber.swift */,
				0000000000000000000000B5 /* MeetingAssistant/Integration/ClaudeSummarizer.swift */,
				0000000000000000000000C0 /* MeetingAssistant/Integration/NotionUploader.swift */,
				0000000000000000000000D0 /* MeetingAssistant/Settings/Keychain.swift */,
				000000000000000000000033 /* MeetingAssistant/MeetingAssistant.entitlements */,
				00000000000000000000000B /* Products */,
			);
			sourceTree = "<group>";
		};
/* End PBXGroup section */

/* Begin PBXNativeTarget section */
		00000000000000000000001B /* MeetingAssistant */ = {
			isa = PBXNativeTarget;
			buildConfigurationList = 00000000000000000000001A /* Build configuration list for PBXNativeTarget "MeetingAssistant" */;
			buildPhases = (
				000000000000000000000016 /* Sources */,
				000000000000000000000017 /* Frameworks */,
				000000000000000000000031 /* Resources */,
			);
			buildRules = (
			);
			dependencies = (
			);
			name = MeetingAssistant;
			packageProductDependencies = (
				0000000000000000000000B3 /* WhisperKit */,
			);
			productName = MeetingAssistant;
			productReference = 000000000000000000000009 /* MeetingAssistant.app */;
			productType = "com.apple.product-type.application";
		};
		000000000000000000000024 /* MeetingAssistantTests */ = {
			isa = PBXNativeTarget;
			buildConfigurationList = 000000000000000000000023 /* Build configuration list for PBXNativeTarget "MeetingAssistantTests" */;
			buildPhases = (
				00000000000000000000001F /* Sources */,
				000000000000000000000020 /* Frameworks */,
			);
			buildRules = (
			);
			dependencies = (
			);
			name = MeetingAssistantTests;
			packageProductDependencies = (
				0000000000000000000000BA /* WhisperKit */,
			);
			productName = MeetingAssistantTests;
			productReference = 00000000000000000000000A /* MeetingAssistantTests.xctest */;
			productType = "com.apple.product-type.bundle.unit-test";
		};
/* End PBXNativeTarget section */

/* Begin PBXProject section */
		000000000000000000000025 /* Project object */ = {
			isa = PBXProject;
			attributes = {
				LastUpgradeCheck = 2700;
			};
			buildConfigurationList = 00000000000000000000000F /* Build configuration list for PBXProject "MeetingAssistant" */;
			compatibilityVersion = "Xcode 14.0";
			developmentRegion = ko;
			hasScannedForEncodings = 0;
			knownRegions = (
				ko,
				en,
				Base,
			);
			mainGroup = 00000000000000000000000C;
			productRefGroup = 00000000000000000000000B /* Products */;
			packageReferences = (
				0000000000000000000000B2 /* XCRemoteSwiftPackageReference "argmax-oss-swift" */,
			);
			projectDirPath = "";
			projectRoot = "";
			targets = (
				00000000000000000000001B /* MeetingAssistant */,
				000000000000000000000024 /* MeetingAssistantTests */,
			);
		};
/* End PBXProject section */

/* Begin PBXResourcesBuildPhase section */
		000000000000000000000031 /* Resources */ = {
			isa = PBXResourcesBuildPhase;
			buildActionMask = 2147483647;
			files = (
				000000000000000000000030 /* MeetingAssistant/Resources/AppIcon.icns in Resources */,
				0000000000000000000000A1 /* MeetingAssistant/Resources/Assets.xcassets in Resources */,
			);
			runOnlyForDeploymentPostprocessing = 0;
		};
/* End PBXResourcesBuildPhase section */

/* Begin PBXSourcesBuildPhase section */
		000000000000000000000016 /* Sources */ = {
			isa = PBXSourcesBuildPhase;
			buildActionMask = 2147483647;
			files = (
				000000000000000000000010 /* MeetingAssistant/App/MeetingAssistantApp.swift in Sources */,
				000000000000000000000011 /* MeetingAssistant/App/MenuBarView.swift in Sources */,
				000000000000000000000012 /* MeetingAssistant/Settings/SettingsView.swift in Sources */,
				000000000000000000000013 /* MeetingAssistant/Settings/SettingsStore.swift in Sources */,
				000000000000000000000014 /* MeetingAssistant/Settings/WatchedApplication.swift in Sources */,
				000000000000000000000015 /* MeetingAssistant/Notification/NotificationManager.swift in Sources */,
				00000000000000000000002A /* MeetingAssistant/Detection/AppDetector.swift in Sources */,
				00000000000000000000002B /* MeetingAssistant/Detection/MicrophoneDetector.swift in Sources */,
				00000000000000000000002C /* MeetingAssistant/Detection/DetectionCoordinator.swift in Sources */,
				000000000000000000000034 /* MeetingAssistant/Recording/Recorder.swift in Sources */,
				0000000000000000000000A3 /* MeetingAssistant/Integration/MeetingSummaryRunner.swift in Sources */,
				0000000000000000000000B1 /* MeetingAssistant/Transcription/Transcriber.swift in Sources */,
				0000000000000000000000B6 /* MeetingAssistant/Integration/ClaudeSummarizer.swift in Sources */,
				0000000000000000000000C1 /* MeetingAssistant/Integration/NotionUploader.swift in Sources */,
				0000000000000000000000D1 /* MeetingAssistant/Settings/Keychain.swift in Sources */,
			);
			runOnlyForDeploymentPostprocessing = 0;
		};
		00000000000000000000001F /* Sources */ = {
			isa = PBXSourcesBuildPhase;
			buildActionMask = 2147483647;
			files = (
				00000000000000000000001C /* MeetingAssistant/Settings/SettingsStore.swift in Sources */,
				00000000000000000000001D /* MeetingAssistant/Settings/WatchedApplication.swift in Sources */,
				00000000000000000000001E /* Tests/SettingsStoreTests.swift in Sources */,
				153EB8DB30658DB90058212C /* MeetingAssistant/Detection/AppDetector.swift in Sources */,
				153EB8DC30658DB90058212C /* MeetingAssistant/Detection/MicrophoneDetector.swift in Sources */,
				153EB8DD30658DB90058212C /* MeetingAssistant/Detection/DetectionCoordinator.swift in Sources */,
				00000000000000000000002D /* Tests/DetectionCoordinatorTests.swift in Sources */,
				00000000000000000000002E /* MeetingAssistant/Notification/NotificationManager.swift in Sources */,
				000000000000000000000035 /* MeetingAssistant/Recording/Recorder.swift in Sources */,
				0000000000000000000000A4 /* MeetingAssistant/Integration/MeetingSummaryRunner.swift in Sources */,
				0000000000000000000000B7 /* MeetingAssistant/Transcription/Transcriber.swift in Sources */,
				0000000000000000000000B8 /* MeetingAssistant/Integration/ClaudeSummarizer.swift in Sources */,
				0000000000000000000000C2 /* MeetingAssistant/Integration/NotionUploader.swift in Sources */,
				0000000000000000000000D2 /* MeetingAssistant/Settings/Keychain.swift in Sources */,
				0000000000000000000000C4 /* Tests/NotionUploaderTests.swift in Sources */,
			);
			runOnlyForDeploymentPostprocessing = 0;
		};
/* End PBXSourcesBuildPhase section */

/* Begin XCBuildConfiguration section */
		00000000000000000000000D /* Debug */ = {
			isa = XCBuildConfiguration;
			buildSettings = {
				CLANG_ENABLE_MODULES = YES;
				DEBUG_INFORMATION_FORMAT = dwarf;
				ENABLE_TESTABILITY = YES;
				ARCHS = arm64;
				MACOSX_DEPLOYMENT_TARGET = 26.0;
				SDKROOT = macosx;
				SWIFT_OPTIMIZATION_LEVEL = "-Onone";
				SWIFT_VERSION = 6.0;
			};
			name = Debug;
		};
		00000000000000000000000E /* Release */ = {
			isa = XCBuildConfiguration;
			buildSettings = {
				CLANG_ENABLE_MODULES = YES;
				DEBUG_INFORMATION_FORMAT = "dwarf-with-dsym";
				ARCHS = arm64;
				MACOSX_DEPLOYMENT_TARGET = 26.0;
				SDKROOT = macosx;
				SWIFT_COMPILATION_MODE = wholemodule;
				SWIFT_VERSION = 6.0;
			};
			name = Release;
		};
		000000000000000000000018 /* Debug */ = {
			isa = XCBuildConfiguration;
			buildSettings = {
				ASSETCATALOG_COMPILER_APPICON_NAME = AppIcon;
				CODE_SIGN_ENTITLEMENTS = MeetingAssistant/MeetingAssistant.entitlements;
				CODE_SIGN_IDENTITY = "Apple Development";
				CODE_SIGN_STYLE = Automatic;
				DEBUG_INFORMATION_FORMAT = dwarf;
				DEVELOPMENT_TEAM = N6UD8K5KSC;
				ENABLE_APP_SANDBOX = NO;
				ENABLE_HARDENED_RUNTIME = YES;
				ENABLE_TESTABILITY = YES;
				INFOPLIST_FILE = MeetingAssistant/Info.plist;
				LD_RUNPATH_SEARCH_PATHS = (
					"$(inherited)",
					"@executable_path/../Frameworks",
				);
				PRODUCT_BUNDLE_IDENTIFIER = "com.zeo.MeetingAssistant";
				PRODUCT_NAME = "$(TARGET_NAME)";
				PROVISIONING_PROFILE_SPECIFIER = "";
				SWIFT_OPTIMIZATION_LEVEL = "-Onone";
			};
			name = Debug;
		};
		000000000000000000000019 /* Release */ = {
			isa = XCBuildConfiguration;
			buildSettings = {
				ASSETCATALOG_COMPILER_APPICON_NAME = AppIcon;
				CODE_SIGN_ENTITLEMENTS = MeetingAssistant/MeetingAssistant.entitlements;
				CODE_SIGN_IDENTITY = "Apple Development";
				CODE_SIGN_STYLE = Automatic;
				DEBUG_INFORMATION_FORMAT = "dwarf-with-dsym";
				DEVELOPMENT_TEAM = N6UD8K5KSC;
				ENABLE_APP_SANDBOX = NO;
				ENABLE_HARDENED_RUNTIME = YES;
				INFOPLIST_FILE = MeetingAssistant/Info.plist;
				LD_RUNPATH_SEARCH_PATHS = (
					"$(inherited)",
					"@executable_path/../Frameworks",
				);
				PRODUCT_BUNDLE_IDENTIFIER = "com.zeo.MeetingAssistant";
				PRODUCT_NAME = "$(TARGET_NAME)";
				PROVISIONING_PROFILE_SPECIFIER = "";
				SWIFT_COMPILATION_MODE = wholemodule;
			};
			name = Release;
		};
		000000000000000000000021 /* Debug */ = {
			isa = XCBuildConfiguration;
			buildSettings = {
				CODE_SIGN_IDENTITY = "-";
				CODE_SIGN_STYLE = Manual;
				DEBUG_INFORMATION_FORMAT = dwarf;
				ENABLE_APP_SANDBOX = NO;
				ENABLE_TESTABILITY = YES;
				GENERATE_INFOPLIST_FILE = YES;
				LD_RUNPATH_SEARCH_PATHS = (
					"$(inherited)",
					"@loader_path/../Frameworks",
				);
				PRODUCT_BUNDLE_IDENTIFIER = "com.zeo.MeetingAssistantTests";
				PRODUCT_NAME = "$(TARGET_NAME)";
				SWIFT_OPTIMIZATION_LEVEL = "-Onone";
			};
			name = Debug;
		};
		000000000000000000000022 /* Release */ = {
			isa = XCBuildConfiguration;
			buildSettings = {
				CODE_SIGN_IDENTITY = "-";
				CODE_SIGN_STYLE = Manual;
				DEBUG_INFORMATION_FORMAT = "dwarf-with-dsym";
				ENABLE_APP_SANDBOX = NO;
				GENERATE_INFOPLIST_FILE = YES;
				LD_RUNPATH_SEARCH_PATHS = (
					"$(inherited)",
					"@loader_path/../Frameworks",
				);
				PRODUCT_BUNDLE_IDENTIFIER = "com.zeo.MeetingAssistantTests";
				PRODUCT_NAME = "$(TARGET_NAME)";
				SWIFT_COMPILATION_MODE = wholemodule;
			};
			name = Release;
		};
/* End XCBuildConfiguration section */

/* Begin XCConfigurationList section */
		00000000000000000000000F /* Build configuration list for PBXProject "MeetingAssistant" */ = {
			isa = XCConfigurationList;
			buildConfigurations = (
				00000000000000000000000D /* Debug */,
				00000000000000000000000E /* Release */,
			);
			defaultConfigurationIsVisible = 0;
			defaultConfigurationName = Release;
		};
		00000000000000000000001A /* Build configuration list for PBXNativeTarget "MeetingAssistant" */ = {
			isa = XCConfigurationList;
			buildConfigurations = (
				000000000000000000000018 /* Debug */,
				000000000000000000000019 /* Release */,
			);
			defaultConfigurationIsVisible = 0;
			defaultConfigurationName = Release;
		};
		000000000000000000000023 /* Build configuration list for PBXNativeTarget "MeetingAssistantTests" */ = {
			isa = XCConfigurationList;
			buildConfigurations = (
				000000000000000000000021 /* Debug */,
				000000000000000000000022 /* Release */,
			);
			defaultConfigurationIsVisible = 0;
			defaultConfigurationName = Release;
		};
/* End XCConfigurationList section */

/* Begin XCRemoteSwiftPackageReference section */
		0000000000000000000000B2 /* XCRemoteSwiftPackageReference "argmax-oss-swift" */ = {
			isa = XCRemoteSwiftPackageReference;
			repositoryURL = "https://github.com/argmaxinc/argmax-oss-swift.git";
			requirement = {
				kind = upToNextMajorVersion;
				minimumVersion = 1.1.0;
			};
		};
/* End XCRemoteSwiftPackageReference section */

/* Begin XCSwiftPackageProductDependency section */
		0000000000000000000000B3 /* WhisperKit */ = {
			isa = XCSwiftPackageProductDependency;
			package = 0000000000000000000000B2 /* XCRemoteSwiftPackageReference "argmax-oss-swift" */;
			productName = WhisperKit;
		};
		0000000000000000000000BA /* WhisperKit */ = {
			isa = XCSwiftPackageProductDependency;
			package = 0000000000000000000000B2 /* XCRemoteSwiftPackageReference "argmax-oss-swift" */;
			productName = WhisperKit;
		};
/* End XCSwiftPackageProductDependency section */
	};
	rootObject = 000000000000000000000025 /* Project object */;
}
